// !$*UTF8*$!
{
	archiveVersion = 1;
	classes = {
	};
	objectVersion = 44;
	objects = {

/* Begin PBXBuildFile section */
		8B3DA4F20D6027F100D58E8A /* Simulation.m in Sources */ = {isa = PBXBuildFile; fileRef = 8B3DA4F10D6027F100D58E8A /* Simulation.m */; };
		8B523AFB0E315D57001516A6 /* Business User A - ETS.xml in Resources */ = {isa = PBXBuildFile; fileRef = 8B523AE30E315D56001516A6 /* Business User A - ETS.xml */; };
		8B523AFC0E315D57001516A6 /* Business User A - Fast Sync.xml in Resources */ = {isa = PBXBuildFile; fileRef = 8B523AE40E315D56001516A6 /* Business User A - Fast Sync.xml */; };
		8B523AFD0E315D57001516A6 /* Business User A - Null Sync.xml in Resources */ = {isa = PBXBuildFile; fileRef = 8B523AE50E315D56001516A6 /* Business User A - Null Sync.xml */; };
		8B523AFE0E315D57001516A6 /* Business User A - Random Sync.xml in Resources */ = {isa = PBXBuildFile; fileRef = 8B523AE60E315D56001516A6 /* Business User A - Random Sync.xml */; };
		8B523AFF0E315D57001516A6 /* Business User A - Slow Sync.xml in Resources */ = {isa = PBXBuildFile; fileRef = 8B523AE70E315D57001516A6 /* Business User A - Slow Sync.xml */; };
		8B523B000E315D57001516A6 /* Business User B - Fast Sync.xml in Resources */ = {isa = PBXBuildFile; fileRef = 8B523AE80E315D57001516A6 /* Business User B - Fast Sync.xml */; };
		8B523B010E315D57001516A6 /* Business User B - Null Sync.xml in Resources */ = {isa = PBXBuildFile; fileRef = 8B523AE90E315D57001516A6 /* Business User B - Null Sync.xml */; };
		8B523B020E315D57001516A6 /* Business User B - Random Sync.xml in Resources */ = {isa = PBXBuildFile; fileRef = 8B523AEA0E315D57001516A6 /* Business User B - Random Sync.xml */; };
		8B523B030E315D57001516A6 /* Business User B - Slow Sync.xml in Resources */ = {isa = PBXBuildFile; fileRef = 8B523AEB0E315D57001516A6 /* Business User B - Slow Sync.xml */; };
		8B523B040E315D57001516A6 /* Null User A - ETS.xml in Resources */ = {isa = PBXBuildFile; fileRef = 8B523AEC0E315D57001516A6 /* Null User A - ETS.xml */; };
		8B523B050E315D57001516A6 /* Null User A - Fast Sync.xml in Resources */ = {isa = PBXBuildFile; fileRef = 8B523AED0E315D57001516A6 /* Null User A - Fast Sync.xml */; };
		8B523B060E315D57001516A6 /* Null User A - Null Sync.xml in Resources */ = {isa = PBXBuildFile; fileRef = 8B523AEE0E315D57001516A6 /* Null User A - Null Sync.xml */; };
		8B523B070E315D57001516A6 /* Null User A - Random Sync.xml in Resources */ = {isa = PBXBuildFile; fileRef = 8B523AEF0E315D57001516A6 /* Null User A - Random Sync.xml */; };
		8B523B080E315D57001516A6 /* Null User A - Slow Sync.xml in Resources */ = {isa = PBXBuildFile; fileRef = 8B523AF00E315D57001516A6 /* Null User A - Slow Sync.xml */; };
		8B523B090E315D57001516A6 /* Null User B - ETS.xml in Resources */ = {isa = PBXBuildFile; fileRef = 8B523AF10E315D57001516A6 /* Null User B - ETS.xml */; };
		8B523B0A0E315D57001516A6 /* Null User B - Fast Sync.xml in Resources */ = {isa = PBXBuildFile; fileRef = 8B523AF20E315D57001516A6 /* Null User B - Fast Sync.xml */; };
		8B523B0B0E315D57001516A6 /* Null User B - Null Sync.xml in Resources */ = {isa = PBXBuildFile; fileRef = 8B523AF30E315D57001516A6 /* Null User B - Null Sync.xml */; };
		8B523B0C0E315D57001516A6 /* Null User B - Random Sync.xml in Resources */ = {isa = PBXBuildFile; fileRef = 8B523AF40E315D57001516A6 /* Null User B - Random Sync.xml */; };
		8B523B0D0E315D57001516A6 /* Null User B - Slow Sync.xml in Resources */ = {isa = PBXBuildFile; fileRef = 8B523AF50E315D57001516A6 /* Null User B - Slow Sync.xml */; };
		8B523B0E0E315D57001516A6 /* Truck Driver A - ETS.xml in Resources */ = {isa = PBXBuildFile; fileRef = 8B523AF60E315D57001516A6 /* Truck Driver A - ETS.xml */; };
		8B523B0F0E315D57001516A6 /* Truck Driver A - Fast Sync.xml in Resources */ = {isa = PBXBuildFile; fileRef = 8B523AF70E315D57001516A6 /* Truck Driver A - Fast Sync.xml */; };
		8B523B100E315D57001516A6 /* Truck Driver A - Null Sync.xml in Resources */ = {isa = PBXBuildFile; fileRef = 8B523AF80E315D57001516A6 /* Truck Driver A - Null Sync.xml */; };
		8B523B110E315D57001516A6 /* Truck Driver A - Random Sync.xml in Resources */ = {isa = PBXBuildFile; fileRef = 8B523AF90E315D57001516A6 /* Truck Driver A - Random Sync.xml */; };
		8B523B120E315D57001516A6 /* Truck Driver A - Slow Sync.xml in Resources */ = {isa = PBXBuildFile; fileRef = 8B523AFA0E315D57001516A6 /* Truck Driver A - Slow Sync.xml */; };
		8BF93F770D8614E700C90162 /* SyncSimulationFramework.framework in Frameworks */ = {isa = PBXBuildFile; fileRef = 8BF93F760D8614E700C90162 /* SyncSimulationFramework.framework */; };
		8BF93FC30D86183000C90162 /* SyncSimulationFramework.framework in CopyFiles */ = {isa = PBXBuildFile; fileRef = 8BF93F760D8614E700C90162 /* SyncSimulationFramework.framework */; };
		8D11072A0486CEB800E47090 /* MainMenu.nib in Resources */ = {isa = PBXBuildFile; fileRef = 29B97318FDCFA39411CA2CEA /* MainMenu.nib */; };
		8D11072B0486CEB800E47090 /* InfoPlist.strings in Resources */ = {isa = PBXBuildFile; fileRef = 089C165CFE840E0CC02AAC07 /* InfoPlist.strings */; };
		8D11072D0486CEB800E47090 /* main.m in Sources */ = {isa = PBXBuildFile; fileRef = 29B97316FDCFA39411CA2CEA /* main.m */; settings = {ATTRIBUTES = (); }; };
		8D11072F0486CEB800E47090 /* Cocoa.framework in Frameworks */ = {isa = PBXBuildFile; fileRef = 1058C7A1FEA54F0111CA2CBB /* Cocoa.framework */; };
/* End PBXBuildFile section */

/* Begin PBXCopyFilesBuildPhase section */
		8B3DA4C80D60069800D58E8A /* CopyFiles */ = {
			isa = PBXCopyFilesBuildPhase;
			buildActionMask = 2147483647;
			dstPath = "";
			dstSubfolderSpec = 10;
			files = (
				8BF93FC30D86183000C90162 /* SyncSimulationFramework.framework in CopyFiles */,
			);
			runOnlyForDeploymentPostprocessing = 0;
		};
/* End PBXCopyFilesBuildPhase section */

/* Begin PBXFileReference section */
		089C165DFE840E0CC02AAC07 /* English */ = {isa = PBXFileReference; fileEncoding = 10; lastKnownFileType = text.plist.strings; name = English; path = English.lproj/InfoPlist.strings; sourceTree = "<group>"; };
		1058C7A1FEA54F0111CA2CBB /* Cocoa.framework */ = {isa = PBXFileReference; lastKnownFileType = wrapper.framework; name = Cocoa.framework; path = /System/Library/Frameworks/Cocoa.framework; sourceTree = "<absolute>"; };
		13E42FB307B3F0F600E4EEF1 /* CoreData.framework */ = {isa = PBXFileReference; lastKnownFileType = wrapper.framework; name = CoreData.framework; path = /System/Library/Frameworks/CoreData.framework; sourceTree = "<absolute>"; };
		29B97316FDCFA39411CA2CEA /* main.m */ = {isa = PBXFileReference; fileEncoding = 4; lastKnownFileType = sourcecode.c.objc; path = main.m; sourceTree = "<group>"; };
		29B97319FDCFA39411CA2CEA /* English */ = {isa = PBXFileReference; lastKnownFileType = wrapper.nib; name = English; path = English.lproj/MainMenu.nib; sourceTree = "<group>"; };
		29B97324FDCFA39411CA2CEA /* AppKit.framework */ = {isa = PBXFileReference; lastKnownFileType = wrapper.framework; name = AppKit.framework; path = /System/Library/Frameworks/AppKit.framework; sourceTree = "<absolute>"; };
		29B97325FDCFA39411CA2CEA /* Foundation.framework */ = {isa = PBXFileReference; lastKnownFileType = wrapper.framework; name = Foundation.framework; path = /System/Library/Frameworks/Foundation.framework; sourceTree = "<absolute>"; };
		32CA4F630368D1EE00C91783 /* SyncSimulator_Prefix.pch */ = {isa = PBXFileReference; fileEncoding = 4; lastKnownFileType = sourcecode.c.h; path = SyncSimulator_Prefix.pch; sourceTree = "<group>"; };
		8B3DA4F00D6027F100D58E8A /* Simulation.h */ = {isa = PBXFileReference; fileEncoding = 4; lastKnownFileType = sourcecode.c.h; path = Simulation.h; sourceTree = "<group>"; };
		8B3DA4F10D6027F100D58E8A /* Simulation.m */ = {isa = PBXFileReference; fileEncoding = 4; lastKnownFileType = sourcecode.c.objc; path = Simulation.m; sourceTree = "<group>"; };
		8B523AE30E315D56001516A6 /* Business User A - ETS.xml */ = {isa = PBXFileReference; fileEncoding = 4; lastKnownFileType = text.xml; path = "Business User A - ETS.xml"; sourceTree = "<group>"; };
		8B523AE40E315D56001516A6 /* Business User A - Fast Sync.xml */ = {isa = PBXFileReference; fileEncoding = 4; lastKnownFileType = text.xml; path = "Business User A - Fast Sync.xml"; sourceTree = "<group>"; };
		8B523AE50E315D56001516A6 /* Business User A - Null Sync.xml */ = {isa = PBXFileReference; fileEncoding = 4; lastKnownFileType = text.xml; path = "Business User A - Null Sync.xml"; sourceTree = "<group>"; };
		8B523AE60E315D56001516A6 /* Business User A - Random Sync.xml */ = {isa = PBXFileReference; fileEncoding = 4; lastKnownFileType = text.xml; path = "Business User A - Random Sync.xml"; sourceTree = "<group>"; };
		8B523AE70E315D57001516A6 /* Business User A - Slow Sync.xml */ = {isa = PBXFileReference; fileEncoding = 4; lastKnownFileType = text.xml; path = "Business User A - Slow Sync.xml"; sourceTree = "<group>"; };
		8B523AE80E315D57001516A6 /* Business User B - Fast Sync.xml */ = {isa = PBXFileReference; fileEncoding = 4; lastKnownFileType = text.xml; path = "Business User B - Fast Sync.xml"; sourceTree = "<group>"; };
		8B523AE90E315D57001516A6 /* Business User B - Null Sync.xml */ = {isa = PBXFileReference; fileEncoding = 4; lastKnownFileType = text.xml; path = "Business User B - Null Sync.xml"; sourceTree = "<group>"; };
		8B523AEA0E315D57001516A6 /* Business User B - Random Sync.xml */ = {isa = PBXFileReference; fileEncoding = 4; lastKnownFileType = text.xml; path = "Business User B - Random Sync.xml"; sourceTree = "<group>"; };
		8B523AEB0E315D57001516A6 /* Business User B - Slow Sync.xml */ = {isa = PBXFileReference; fileEncoding = 4; lastKnownFileType = text.xml; path = "Business User B - Slow Sync.xml"; sourceTree = "<group>"; };
		8B523AEC0E315D57001516A6 /* Null User A - ETS.xml */ = {isa = PBXFileReference; fileEncoding = 4; lastKnownFileType = text.xml; path = "Null User A - ETS.xml"; sourceTree = "<group>"; };
		8B523AED0E315D57001516A6 /* Null User A - Fast Sync.xml */ = {isa = PBXFileReference; fileEncoding = 4; lastKnownFileType = text.xml; path = "Null User A - Fast Sync.xml"; sourceTree = "<group>"; };
		8B523AEE0E315D57001516A6 /* Null User A - Null Sync.xml */ = {isa = PBXFileReference; fileEncoding = 4; lastKnownFileType = text.xml; path = "Null User A - Null Sync.xml"; sourceTree = "<group>"; };
		8B523AEF0E315D57001516A6 /* Null User A - Random Sync.xml */ = {isa = PBXFileReference; fileEncoding = 4; lastKnownFileType = text.xml; path = "Null User A - Random Sync.xml"; sourceTree = "<group>"; };
		8B523AF00E315D57001516A6 /* Null User A - Slow Sync.xml */ = {isa = PBXFileReference; fileEncoding = 4; lastKnownFileType = text.xml; path = "Null User A - Slow Sync.xml"; sourceTree = "<group>"; };
		8B523AF10E315D57001516A6 /* Null User B - ETS.xml */ = {isa = PBXFileReference; fileEncoding = 4; lastKnownFileType = text.xml; path = "Null User B - ETS.xml"; sourceTree = "<group>"; };
		8B523AF20E315D57001516A6 /* Null User B - Fast Sync.xml */ = {isa = PBXFileReference; fileEncoding = 4; lastKnownFileType = text.xml; path = "Null User B - Fast Sync.xml"; sourceTree = "<group>"; };
		8B523AF30E315D57001516A6 /* Null User B - Null Sync.xml */ = {isa = PBXFileReference; fileEncoding = 4; lastKnownFileType = text.xml; path = "Null User B - Null Sync.xml"; sourceTree = "<group>"; };
		8B523AF40E315D57001516A6 /* Null User B - Random Sync.xml */ = {isa = PBXFileReference; fileEncoding = 4; lastKnownFileType = text.xml; path = "Null User B - Random Sync.xml"; sourceTree = "<group>"; };
		8B523AF50E315D57001516A6 /* Null User B - Slow Sync.xml */ = {isa = PBXFileReference; fileEncoding = 4; lastKnownFileType = text.xml; path = "Null User B - Slow Sync.xml"; sourceTree = "<group>"; };
		8B523AF60E315D57001516A6 /* Truck Driver A - ETS.xml */ = {isa = PBXFileReference; fileEncoding = 4; lastKnownFileType = text.xml; path = "Truck Driver A - ETS.xml"; sourceTree = "<group>"; };
		8B523AF70E315D57001516A6 /* Truck Driver A - Fast Sync.xml */ = {isa = PBXFileReference; fileEncoding = 4; lastKnownFileType = text.xml; path = "Truck Driver A - Fast Sync.xml"; sourceTree = "<group>"; };
		8B523AF80E315D57001516A6 /* Truck Driver A - Null Sync.xml */ = {isa = PBXFileReference; fileEncoding = 4; lastKnownFileType = text.xml; path = "Truck Driver A - Null Sync.xml"; sourceTree = "<group>"; };
		8B523AF90E315D57001516A6 /* Truck Driver A - Random Sync.xml */ = {isa = PBXFileReference; fileEncoding = 4; lastKnownFileType = text.xml; path = "Truck Driver A - Random Sync.xml"; sourceTree = "<group>"; };
		8B523AFA0E315D57001516A6 /* Truck Driver A - Slow Sync.xml */ = {isa = PBXFileReference; fileEncoding = 4; lastKnownFileType = text.xml; path = "Truck Driver A - Slow Sync.xml"; sourceTree = "<group>"; };
		8BF93F760D8614E700C90162 /* SyncSimulationFramework.framework */ = {isa = PBXFileReference; lastKnownFileType = wrapper.framework; name = SyncSimulationFramework.framework; path = ../SyncSimulationFramework/build/Release/SyncSimulationFramework.framework; sourceTree = SOURCE_ROOT; };
		8D1107310486CEB800E47090 /* Info.plist */ = {isa = PBXFileReference; fileEncoding = 4; lastKnownFileType = text.plist.xml; path = Info.plist; sourceTree = "<group>"; };
		8D1107320486CEB800E47090 /* SyncSimulator.app */ = {isa = PBXFileReference; explicitFileType = wrapper.application; includeInIndex = 0; path = SyncSimulator.app; sourceTree = BUILT_PRODUCTS_DIR; };
/* End PBXFileReference section */

/* Begin PBXFrameworksBuildPhase section */
		8D11072E0486CEB800E47090 /* Frameworks */ = {
			isa = PBXFrameworksBuildPhase;
			buildActionMask = 2147483647;
			files = (
				8D11072F0486CEB800E47090 /* Cocoa.framework in Frameworks */,
				8BF93F770D8614E700C90162 /* SyncSimulationFramework.framework in Frameworks */,
			);
			runOnlyForDeploymentPostprocessing = 0;
		};
/* End PBXFrameworksBuildPhase section */

/* Begin PBXGroup section */
		080E96DDFE201D6D7F000001 /* Classes */ = {
			isa = PBXGroup;
			children = (
				8B3DA4F00D6027F100D58E8A /* Simulation.h */,
				8B3DA4F10D6027F100D58E8A /* Simulation.m */,
			);
			name = Classes;
			sourceTree = "<group>";
		};
		1058C7A0FEA54F0111CA2CBB /* Linked Frameworks */ = {
			isa = PBXGroup;
			children = (
				1058C7A1FEA54F0111CA2CBB /* Cocoa.framework */,
			);
			name = "Linked Frameworks";
			sourceTree = "<group>";
		};
		1058C7A2FEA54F0111CA2CBB /* Other Frameworks */ = {
			isa = PBXGroup;
			children = (
				29B97324FDCFA39411CA2CEA /* AppKit.framework */,
				13E42FB307B3F0F600E4EEF1 /* CoreData.framework */,
				29B97325FDCFA39411CA2CEA /* Foundation.framework */,
			);
			name = "Other Frameworks";
			sourceTree = "<group>";
		};
		19C28FACFE9D520D11CA2CBB /* Products */ = {
			isa = PBXGroup;
			children = (
				8D1107320486CEB800E47090 /* SyncSimulator.app */,
			);
			name = Products;
			sourceTree = "<group>";
		};
		29B97314FDCFA39411CA2CEA /* SyncSimulator */ = {
			isa = PBXGroup;
			children = (
				8B523AE20E315D56001516A6 /* User Models */,
				080E96DDFE201D6D7F000001 /* Classes */,
				29B97315FDCFA39411CA2CEA /* Other Sources */,
				29B97317FDCFA39411CA2CEA /* Resources */,
				29B97323FDCFA39411CA2CEA /* Frameworks */,
				19C28FACFE9D520D11CA2CBB /* Products */,
			);
			name = SyncSimulator;
			sourceTree = "<group>";
		};
		29B97315FDCFA39411CA2CEA /* Other Sources */ = {
			isa = PBXGroup;
			children = (
				32CA4F630368D1EE00C91783 /* SyncSimulator_Prefix.pch */,
				29B97316FDCFA39411CA2CEA /* main.m */,
			);
			name = "Other Sources";
			sourceTree = "<group>";
		};
		29B97317FDCFA39411CA2CEA /* Resources */ = {
			isa = PBXGroup;
			children = (
				8D1107310486CEB800E47090 /* Info.plist */,
				089C165CFE840E0CC02AAC07 /* InfoPlist.strings */,
				29B97318FDCFA39411CA2CEA /* MainMenu.nib */,
			);
			name = Resources;
			sourceTree = "<group>";
		};
		29B97323FDCFA39411CA2CEA /* Frameworks */ = {
			isa = PBXGroup;
			children = (
				8BF93F760D8614E700C90162 /* SyncSimulationFramework.framework */,
				1058C7A0FEA54F0111CA2CBB /* Linked Frameworks */,
				1058C7A2FEA54F0111CA2CBB /* Other Frameworks */,
			);
			name = Frameworks;
			sourceTree = "<group>";
		};
		8B523AE20E315D56001516A6 /* User Models */ = {
			isa = PBXGroup;
			children = (
				8B523AE30E315D56001516A6 /* Business User A - ETS.xml */,
				8B523AE40E315D56001516A6 /* Business User A - Fast Sync.xml */,
				8B523AE50E315D56001516A6 /* Business User A - Null Sync.xml */,
				8B523AE60E315D56001516A6 /* Business User A - Random Sync.xml */,
				8B523AE70E315D57001516A6 /* Business User A - Slow Sync.xml */,
				8B523AE80E315D57001516A6 /* Business User B - Fast Sync.xml */,
				8B523AE90E315D57001516A6 /* Business User B - Null Sync.xml */,
				8B523AEA0E315D57001516A6 /* Business User B - Random Sync.xml */,
				8B523AEB0E315D57001516A6 /* Business User B - Slow Sync.xml */,
				8B523AEC0E315D57001516A6 /* Null User A - ETS.xml */,
				8B523AED0E315D57001516A6 /* Null User A - Fast Sync.xml */,
				8B523AEE0E315D57001516A6 /* Null User A - Null Sync.xml */,
				8B523AEF0E315D57001516A6 /* Null User A - Random Sync.xml */,
				8B523AF00E315D57001516A6 /* Null User A - Slow Sync.xml */,
				8B523AF10E315D57001516A6 /* Null User B - ETS.xml */,
				8B523AF20E315D57001516A6 /* Null User B - Fast Sync.xml */,
				8B523AF30E315D57001516A6 /* Null User B - Null Sync.xml */,
				8B523AF40E315D57001516A6 /* Null User B - Random Sync.xml */,
				8B523AF50E315D57001516A6 /* Null User B - Slow Sync.xml */,
				8B523AF60E315D57001516A6 /* Truck Driver A - ETS.xml */,
				8B523AF70E315D57001516A6 /* Truck Driver A - Fast Sync.xml */,
				8B523AF80E315D57001516A6 /* Truck Driver A - Null Sync.xml */,
				8B523AF90E315D57001516A6 /* Truck Driver A - Random Sync.xml */,
				8B523AFA0E315D57001516A6 /* Truck Driver A - Slow Sync.xml */,
			);
			path = "User Models";
			sourceTree = "<group>";
		};
/* End PBXGroup section */

/* Begin PBXNativeTarget section */
		8D1107260486CEB800E47090 /* SyncSimulator */ = {
			isa = PBXNativeTarget;
			buildConfigurationList = C01FCF4A08A954540054247B /* Build configuration list for PBXNativeTarget "SyncSimulator" */;
			buildPhases = (
				8D1107290486CEB800E47090 /* Resources */,
				8D11072C0486CEB800E47090 /* Sources */,
				8D11072E0486CEB800E47090 /* Frameworks */,
				8B3DA4C80D60069800D58E8A /* CopyFiles */,
			);
			buildRules = (
			);
			dependencies = (
			);
			name = SyncSimulator;
			productInstallPath = "$(HOME)/Applications";
			productName = SyncSimulator;
			productReference = 8D1107320486CEB800E47090 /* SyncSimulator.app */;
			productType = "com.apple.product-type.application";
		};
/* End PBXNativeTarget section */

/* Begin PBXProject section */
		29B97313FDCFA39411CA2CEA /* Project object */ = {
			isa = PBXProject;
			attributes = {
				BuildIndependentTargetsInParallel = YES;
			};
			buildConfigurationList = C01FCF4E08A954540054247B /* Build configuration list for PBXProject "SyncSimulator" */;
			compatibilityVersion = "Xcode 3.0";
			hasScannedForEncodings = 1;
			mainGroup = 29B97314FDCFA39411CA2CEA /* SyncSimulator */;
			projectDirPath = "";
			projectRoot = "";
			targets = (
				8D1107260486CEB800E47090 /* SyncSimulator */,
			);
		};
/* End PBXProject section */

/* Begin PBXResourcesBuildPhase section */
		8D1107290486CEB800E47090 /* Resources */ = {
			isa = PBXResourcesBuildPhase;
			buildActionMask = 2147483647;
			files = (
				8D11072A0486CEB800E47090 /* MainMenu.nib in Resources */,
				8D11072B0486CEB800E47090 /* InfoPlist.strings in Resources */,
				8B523AFB0E315D57001516A6 /* Business User A - ETS.xml in Resources */,
				8B523AFC0E315D57001516A6 /* Business User A - Fast Sync.xml in Resources */,
				8B523AFD0E315D57001516A6 /* Business User A - Null Sync.xml in Resources */,
				8B523AFE0E315D57001516A6 /* Business User A - Random Sync.xml in Resources */,
				8B523AFF0E315D57001516A6 /* Business User A - Slow Sync.xml in Resources */,
				8B523B000E315D57001516A6 /* Business User B - Fast Sync.xml in Resources */,
				8B523B010E315D57001516A6 /* Business User B - Null Sync.xml in Resources */,
				8B523B020E315D57001516A6 /* Business User B - Random Sync.xml in Resources */,
				8B523B030E315D57001516A6 /* Business User B - Slow Sync.xml in Resources */,
				8B523B040E315D57001516A6 /* Null User A - ETS.xml in Resources */,
				8B523B050E315D57001516A6 /* Null User A - Fast Sync.xml in Resources */,
				8B523B060E315D57001516A6 /* Null User A - Null Sync.xml in Resources */,
				8B523B070E315D57001516A6 /* Null User A - Random Sync.xml in Resources */,
				8B523B080E315D57001516A6 /* Null User A - Slow Sync.xml in Resources */,
				8B523B090E315D57001516A6 /* Null User B - ETS.xml in Resources */,
				8B523B0A0E315D57001516A6 /* Null User B - Fast Sync.xml in Resources */,
				8B523B0B0E315D57001516A6 /* Null User B - Null Sync.xml in Resources */,
				8B523B0C0E315D57001516A6 /* Null User B - Random Sync.xml in Resources */,
				8B523B0D0E315D57001516A6 /* Null User B - Slow Sync.xml in Resources */,
				8B523B0E0E315D57001516A6 /* Truck Driver A - ETS.xml in Resources */,
				8B523B0F0E315D57001516A6 /* Truck Driver A - Fast Sync.xml in Resources */,
				8B523B100E315D57001516A6 /* Truck Driver A - Null Sync.xml in Resources */,
				8B523B110E315D57001516A6 /* Truck Driver A - Random Sync.xml in Resources */,
				8B523B120E315D57001516A6 /* Truck Driver A - Slow Sync.xml in Resources */,
			);
			runOnlyForDeploymentPostprocessing = 0;
		};
/* End PBXResourcesBuildPhase section */

/* Begin PBXSourcesBuildPhase section */
		8D11072C0486CEB800E47090 /* Sources */ = {
			isa = PBXSourcesBuildPhase;
			buildActionMask = 2147483647;
			files = (
				8D11072D0486CEB800E47090 /* main.m in Sources */,
				8B3DA4F20D6027F100D58E8A /* Simulation.m in Sources */,
			);
			runOnlyForDeploymentPostprocessing = 0;
		};
/* End PBXSourcesBuildPhase section */

/* Begin PBXVariantGroup section */
		089C165CFE840E0CC02AAC07 /* InfoPlist.strings */ = {
			isa = PBXVariantGroup;
			children = (
				089C165DFE840E0CC02AAC07 /* English */,
			);
			name = InfoPlist.strings;
			sourceTree = "<group>";
		};
		29B97318FDCFA39411CA2CEA /* MainMenu.nib */ = {
			isa = PBXVariantGroup;
			children = (
				29B97319FDCFA39411CA2CEA /* English */,
			);
			name = MainMenu.nib;
			sourceTree = "<group>";
		};
/* End PBXVariantGroup section */

/* Begin XCBuildConfiguration section */
		C01FCF4B08A954540054247B /* Debug */ = {
			isa = XCBuildConfiguration;
			buildSettings = {
				COPY_PHASE_STRIP = NO;
				FRAMEWORK_SEARCH_PATHS = (
					"$(inherited)",
					"\"$(SRCROOT)/../SyncSimulationFramework/build/Debug\"",
					"\"$(SRCROOT)/../SyncSimulationFramework/build/Release\"",
				);
				GCC_C_LANGUAGE_STANDARD = "compiler-default";
				GCC_DYNAMIC_NO_PIC = NO;
				GCC_ENABLE_FIX_AND_CONTINUE = YES;
				GCC_ENABLE_OBJC_GC = required;
				GCC_MODEL_TUNING = G5;
				GCC_OPTIMIZATION_LEVEL = 0;
				GCC_PRECOMPILE_PREFIX_HEADER = NO;
				GCC_PREFIX_HEADER = SyncSimulator_Prefix.pch;
				INFOPLIST_FILE = Info.plist;
				INSTALL_PATH = "$(HOME)/Applications";
				PRODUCT_NAME = SyncSimulator;
				SHARED_PRECOMPS_DIR = "$(CACHE_ROOT)/SharedPrecompiledHeaders";
				WRAPPER_EXTENSION = app;
				ZERO_LINK = YES;
			};
			name = Debug;
		};
		C01FCF4C08A954540054247B /* Release */ = {
			isa = XCBuildConfiguration;
			buildSettings = {
				ARCHS = "$(NATIVE_ARCH_64_BIT)";
				DEBUG_INFORMATION_FORMAT = "dwarf-with-dsym";
				FRAMEWORK_SEARCH_PATHS = (
					"$(inherited)",
					"\"$(SRCROOT)/../SyncSimulationFramework/build/Debug\"",
					"\"$(SRCROOT)/../SyncSimulationFramework/build/Release\"",
				);
				GCC_C_LANGUAGE_STANDARD = "compiler-default";
				GCC_MODEL_TUNING = G5;
				GCC_PRECOMPILE_PREFIX_HEADER = NO;
				GCC_PREFIX_HEADER = SyncSimulator_Prefix.pch;
				INFOPLIST_FILE = Info.plist;
				INSTALL_PATH = "$(HOME)/Applications";
				PRODUCT_NAME = SyncSimulator;
				WRAPPER_EXTENSION = app;
			};
			name = Release;
		};
		C01FCF4F08A954540054247B /* Debug */ = {
			isa = XCBuildConfiguration;
			buildSettings = {
				ARCHS = x86_64;
				GCC_MODEL_PPC64 = YES;
				GCC_WARN_ABOUT_RETURN_TYPE = YES;
				GCC_WARN_UNUSED_VARIABLE = YES;
				PREBINDING = NO;
				SDKROOT = "$(DEVELOPER_SDK_DIR)/MacOSX10.5.sdk";
			};
			name = Debug;
		};
		C01FCF5008A954540054247B /* Release */ = {
			isa = XCBuildConfiguration;
			buildSettings = {
				ARCHS = x86_64;
				GCC_ENABLE_OBJC_GC = required;
				GCC_MODEL_PPC64 = YES;
				GCC_WARN_ABOUT_RETURN_TYPE = YES;
				GCC_WARN_UNUSED_VARIABLE = YES;
				PREBINDING = NO;
				SDKROOT = "$(DEVELOPER_SDK_DIR)/MacOSX10.5.sdk";
			};
			name = Release;
		};
/* End XCBuildConfiguration section */

/* Begin XCConfigurationList section */
		C01FCF4A08A954540054247B /* Build configuration list for PBXNativeTarget "SyncSimulator" */ = {
			isa = XCConfigurationList;
			buildConfigurations = (
				C01FCF4B08A954540054247B /* Debug */,
				C01FCF4C08A954540054247B /* Release */,
			);
			defaultConfigurationIsVisible = 0;
			defaultConfigurationName = Release;
		};
		C01FCF4E08A954540054247B /* Build configuration list for PBXProject "SyncSimulator" */ = {
			isa = XCConfigurationList;
			buildConfigurations = (
				C01FCF4F08A954540054247B /* Debug */,
				C01FCF5008A954540054247B /* Release */,
			);
			defaultConfigurationIsVisible = 0;
			defaultConfigurationName = Release;
		};
/* End XCConfigurationList section */
	};
	rootObject = 29B97313FDCFA39411CA2CEA /* Project object */;
}
